
Microsoft Visual Studio Solution File, Format Version 12.00
# Visual Studio 14
VisualStudioVersion = 14.0.24720.0
MinimumVisualStudioVersion = 10.0.40219.1
Project("{262852C6-CD72-467D-83FE-5EEB1973A190}") = "Ionic.Firebase.TodoApp", "..\ITInnovDesign-FB-TODOAPP\Ionic.Firebase.TodoApp.jsproj", "{6818DE0B-4335-4CA2-9EB8-360E09149B68}"
EndProject
Project("{262852C6-CD72-467D-83FE-5EEB1973A190}") = "Ionic.Beautiful.Login", "..\ITInnovDesign-Login\Ionic.Beautiful.Login.jsproj", "{014D78D0-A2FC-4AB9-84B7-AA988F535E38}"
EndProject
Project("{262852C6-CD72-467D-83FE-5EEB1973A190}") = "Ionic.ToDoApp", "..\ITInnovDesign-TodoApp\Ionic.ToDoApp.jsproj", "{B8DB651D-3FDA-4E24-9A58-F99820794507}"
EndProject
Project("{262852C6-CD72-467D-83FE-5EEB1973A190}") = "Ionic.Parse.Started", "..\ITInnovDesign-ionic-parse\Ionic.Parse.Started.jsproj", "{5AB43817-AF04-487A-8F71-76752237089F}"
EndProject
Project("{262852C6-CD72-467D-83FE-5EEB1973A190}") = "Ionic.Firebase.ImageCamera", "..\ITInnovDesign-FirebaseImage\Ionic.Firebase.ImageCamera.jsproj", "{B2BD6005-DA62-42A0-BCA2-F3AE02F4AAD9}"
EndProject
Global
	GlobalSection(SolutionConfigurationPlatforms) = preSolution
		Debug|Android = Debug|Android
		Debug|iOS = Debug|iOS
		Debug|Windows Phone (Universal) = Debug|Windows Phone (Universal)
		Debug|Windows Phone 8 = Debug|Windows Phone 8
		Debug|Windows-AnyCPU = Debug|Windows-AnyCPU
		Debug|Windows-ARM = Debug|Windows-ARM
		Debug|Windows-x64 = Debug|Windows-x64
		Debug|Windows-x86 = Debug|Windows-x86
		Release|Android = Release|Android
		Release|iOS = Release|iOS
		Release|Windows Phone (Universal) = Release|Windows Phone (Universal)
		Release|Windows Phone 8 = Release|Windows Phone 8
		Release|Windows-AnyCPU = Release|Windows-AnyCPU
		Release|Windows-ARM = Release|Windows-ARM
		Release|Windows-x64 = Release|Windows-x64
		Release|Windows-x86 = Release|Windows-x86
	EndGlobalSection
	GlobalSection(ProjectConfigurationPlatforms) = postSolution
		{6818DE0B-4335-4CA2-9EB8-360E09149B68}.Debug|Android.ActiveCfg = Debug|Android
		{6818DE0B-4335-4CA2-9EB8-360E09149B68}.Debug|Android.Build.0 = Debug|Android
		{6818DE0B-4335-4CA2-9EB8-360E09149B68}.Debug|Android.Deploy.0 = Debug|Android
		{6818DE0B-4335-4CA2-9EB8-360E09149B68}.Debug|iOS.ActiveCfg = Debug|iOS
		{6818DE0B-4335-4CA2-9EB8-360E09149B68}.Debug|iOS.Build.0 = Debug|iOS
		{6818DE0B-4335-4CA2-9EB8-360E09149B68}.Debug|iOS.Deploy.0 = Debug|iOS
		{6818DE0B-4335-4CA2-9EB8-360E09149B68}.Debug|Windows Phone (Universal).ActiveCfg = Debug|Windows Phone (Universal)
		{6818DE0B-4335-4CA2-9EB8-360E09149B68}.Debug|Windows Phone (Universal).Build.0 = Debug|Windows Phone (Universal)
		{6818DE0B-4335-4CA2-9EB8-360E09149B68}.Debug|Windows Phone (Universal).Deploy.0 = Debug|Windows Phone (Universal)
		{6818DE0B-4335-4CA2-9EB8-360E09149B68}.Debug|Windows Phone 8.ActiveCfg = Debug|Windows Phone 8
		{6818DE0B-4335-4CA2-9EB8-360E09149B68}.Debug|Windows Phone 8.Build.0 = Debug|Windows Phone 8
		{6818DE0B-4335-4CA2-9EB8-360E09149B68}.Debug|Windows Phone 8.Deploy.0 = Debug|Windows Phone 8
		{6818DE0B-4335-4CA2-9EB8-360E09149B68}.Debug|Windows-AnyCPU.ActiveCfg = Debug|Windows-AnyCPU
		{6818DE0B-4335-4CA2-9EB8-360E09149B68}.Debug|Windows-AnyCPU.Build.0 = Debug|Windows-AnyCPU
		{6818DE0B-4335-4CA2-9EB8-360E09149B68}.Debug|Windows-AnyCPU.Deploy.0 = Debug|Windows-AnyCPU
		{6818DE0B-4335-4CA2-9EB8-360E09149B68}.Debug|Windows-ARM.ActiveCfg = Debug|Windows-ARM
		{6818DE0B-4335-4CA2-9EB8-360E09149B68}.Debug|Windows-ARM.Build.0 = Debug|Windows-ARM
		{6818DE0B-4335-4CA2-9EB8-360E09149B68}.Debug|Windows-ARM.Deploy.0 = Debug|Windows-ARM
		{6818DE0B-4335-4CA2-9EB8-360E09149B68}.Debug|Windows-x64.ActiveCfg = Debug|Windows-x64
		{6818DE0B-4335-4CA2-9EB8-360E09149B68}.Debug|Windows-x64.Build.0 = Debug|Windows-x64
		{6818DE0B-4335-4CA2-9EB8-360E09149B68}.Debug|Windows-x64.Deploy.0 = Debug|Windows-x64
		{6818DE0B-4335-4CA2-9EB8-360E09149B68}.Debug|Windows-x86.ActiveCfg = Debug|Windows-x86
		{6818DE0B-4335-4CA2-9EB8-360E09149B68}.Debug|Windows-x86.Build.0 = Debug|Windows-x86
		{6818DE0B-4335-4CA2-9EB8-360E09149B68}.Debug|Windows-x86.Deploy.0 = Debug|Windows-x86
		{6818DE0B-4335-4CA2-9EB8-360E09149B68}.Release|Android.ActiveCfg = Release|Android
		{6818DE0B-4335-4CA2-9EB8-360E09149B68}.Release|Android.Build.0 = Release|Android
		{6818DE0B-4335-4CA2-9EB8-360E09149B68}.Release|Android.Deploy.0 = Release|Android
		{6818DE0B-4335-4CA2-9EB8-360E09149B68}.Release|iOS.ActiveCfg = Release|iOS
		{6818DE0B-4335-4CA2-9EB8-360E09149B68}.Release|iOS.Build.0 = Release|iOS
		{6818DE0B-4335-4CA2-9EB8-360E09149B68}.Release|iOS.Deploy.0 = Release|iOS
		{6818DE0B-4335-4CA2-9EB8-360E09149B68}.Release|Windows Phone (Universal).ActiveCfg = Release|Windows Phone (Universal)
		{6818DE0B-4335-4CA2-9EB8-360E09149B68}.Release|Windows Phone (Universal).Build.0 = Release|Windows Phone (Universal)
		{6818DE0B-4335-4CA2-9EB8-360E09149B68}.Release|Windows Phone (Universal).Deploy.0 = Release|Windows Phone (Universal)
		{6818DE0B-4335-4CA2-9EB8-360E09149B68}.Release|Windows Phone 8.ActiveCfg = Release|Windows Phone 8
		{6818DE0B-4335-4CA2-9EB8-360E09149B68}.Release|Windows Phone 8.Build.0 = Release|Windows Phone 8
		{6818DE0B-4335-4CA2-9EB8-360E09149B68}.Release|Windows Phone 8.Deploy.0 = Release|Windows Phone 8
		{6818DE0B-4335-4CA2-9EB8-360E09149B68}.Release|Windows-AnyCPU.ActiveCfg = Release|Windows-AnyCPU
		{6818DE0B-4335-4CA2-9EB8-360E09149B68}.Release|Windows-AnyCPU.Build.0 = Release|Windows-AnyCPU
		{6818DE0B-4335-4CA2-9EB8-360E09149B68}.Release|Windows-AnyCPU.Deploy.0 = Release|Windows-AnyCPU
		{6818DE0B-4335-4CA2-9EB8-360E09149B68}.Release|Windows-ARM.ActiveCfg = Release|Windows-ARM
		{6818DE0B-4335-4CA2-9EB8-360E09149B68}.Release|Windows-ARM.Build.0 = Release|Windows-ARM
		{6818DE0B-4335-4CA2-9EB8-360E09149B68}.Release|Windows-ARM.Deploy.0 = Release|Windows-ARM
		{6818DE0B-4335-4CA2-9EB8-360E09149B68}.Release|Windows-x64.ActiveCfg = Release|Windows-x64
		{6818DE0B-4335-4CA2-9EB8-360E09149B68}.Release|Windows-x64.Build.0 = Release|Windows-x64
		{6818DE0B-4335-4CA2-9EB8-360E09149B68}.Release|Windows-x64.Deploy.0 = Release|Windows-x64
		{6818DE0B-4335-4CA2-9EB8-360E09149B68}.Release|Windows-x86.ActiveCfg = Release|Windows-x86
		{6818DE0B-4335-4CA2-9EB8-360E09149B68}.Release|Windows-x86.Build.0 = Release|Windows-x86
		{6818DE0B-4335-4CA2-9EB8-360E09149B68}.Release|Windows-x86.Deploy.0 = Release|Windows-x86
		{014D78D0-A2FC-4AB9-84B7-AA988F535E38}.Debug|Android.ActiveCfg = Debug|Android
		{014D78D0-A2FC-4AB9-84B7-AA988F535E38}.Debug|Android.Build.0 = Debug|Android
		{014D78D0-A2FC-4AB9-84B7-AA988F535E38}.Debug|Android.Deploy.0 = Debug|Android
		{014D78D0-A2FC-4AB9-84B7-AA988F535E38}.Debug|iOS.ActiveCfg = Debug|iOS
		{014D78D0-A2FC-4AB9-84B7-AA988F535E38}.Debug|iOS.Build.0 = Debug|iOS
		{014D78D0-A2FC-4AB9-84B7-AA988F535E38}.Debug|iOS.Deploy.0 = Debug|iOS
		{014D78D0-A2FC-4AB9-84B7-AA988F535E38}.Debug|Windows Phone (Universal).ActiveCfg = Debug|Windows Phone (Universal)
		{014D78D0-A2FC-4AB9-84B7-AA988F535E38}.Debug|Windows Phone (Universal).Build.0 = Debug|Windows Phone (Universal)
		{014D78D0-A2FC-4AB9-84B7-AA988F535E38}.Debug|Windows Phone (Universal).Deploy.0 = Debug|Windows Phone (Universal)
		{014D78D0-A2FC-4AB9-84B7-AA988F535E38}.Debug|Windows Phone 8.ActiveCfg = Debug|Windows Phone 8
		{014D78D0-A2FC-4AB9-84B7-AA988F535E38}.Debug|Windows Phone 8.Build.0 = Debug|Windows Phone 8
		{014D78D0-A2FC-4AB9-84B7-AA988F535E38}.Debug|Windows Phone 8.Deploy.0 = Debug|Windows Phone 8
		{014D78D0-A2FC-4AB9-84B7-AA988F535E38}.Debug|Windows-AnyCPU.ActiveCfg = Debug|Windows-AnyCPU
		{014D78D0-A2FC-4AB9-84B7-AA988F535E38}.Debug|Windows-AnyCPU.Build.0 = Debug|Windows-AnyCPU
		{014D78D0-A2FC-4AB9-84B7-AA988F535E38}.Debug|Windows-AnyCPU.Deploy.0 = Debug|Windows-AnyCPU
		{014D78D0-A2FC-4AB9-84B7-AA988F535E38}.Debug|Windows-ARM.ActiveCfg = Debug|Windows-ARM
		{014D78D0-A2FC-4AB9-84B7-AA988F535E38}.Debug|Windows-ARM.Build.0 = Debug|Windows-ARM
		{014D78D0-A2FC-4AB9-84B7-AA988F535E38}.Debug|Windows-ARM.Deploy.0 = Debug|Windows-ARM
		{014D78D0-A2FC-4AB9-84B7-AA988F535E38}.Debug|Windows-x64.ActiveCfg = Debug|Windows-x64
		{014D78D0-A2FC-4AB9-84B7-AA988F535E38}.Debug|Windows-x64.Build.0 = Debug|Windows-x64
		{014D78D0-A2FC-4AB9-84B7-AA988F535E38}.Debug|Windows-x64.Deploy.0 = Debug|Windows-x64
		{014D78D0-A2FC-4AB9-84B7-AA988F535E38}.Debug|Windows-x86.ActiveCfg = Debug|Windows-x86
		{014D78D0-A2FC-4AB9-84B7-AA988F535E38}.Debug|Windows-x86.Build.0 = Debug|Windows-x86
		{014D78D0-A2FC-4AB9-84B7-AA988F535E38}.Debug|Windows-x86.Deploy.0 = Debug|Windows-x86
		{014D78D0-A2FC-4AB9-84B7-AA988F535E38}.Release|Android.ActiveCfg = Release|Android
		{014D78D0-A2FC-4AB9-84B7-AA988F535E38}.Release|Android.Build.0 = Release|Android
		{014D78D0-A2FC-4AB9-84B7-AA988F535E38}.Release|Android.Deploy.0 = Release|Android
		{014D78D0-A2FC-4AB9-84B7-AA988F535E38}.Release|iOS.ActiveCfg = Release|iOS
		{014D78D0-A2FC-4AB9-84B7-AA988F535E38}.Release|iOS.Build.0 = Release|iOS
		{014D78D0-A2FC-4AB9-84B7-AA988F535E38}.Release|iOS.Deploy.0 = Release|iOS
		{014D78D0-A2FC-4AB9-84B7-AA988F535E38}.Release|Windows Phone (Universal).ActiveCfg = Release|Windows Phone (Universal)
		{014D78D0-A2FC-4AB9-84B7-AA988F535E38}.Release|Windows Phone (Universal).Build.0 = Release|Windows Phone (Universal)
		{014D78D0-A2FC-4AB9-84B7-AA988F535E38}.Release|Windows Phone (Universal).Deploy.0 = Release|Windows Phone (Universal)
		{014D78D0-A2FC-4AB9-84B7-AA988F535E38}.Release|Windows Phone 8.ActiveCfg = Release|Windows Phone 8
		{014D78D0-A2FC-4AB9-84B7-AA988F535E38}.Release|Windows Phone 8.Build.0 = Release|Windows Phone 8
		{014D78D0-A2FC-4AB9-84B7-AA988F535E38}.Release|Windows Phone 8.Deploy.0 = Release|Windows Phone 8
		{014D78D0-A2FC-4AB9-84B7-AA988F535E38}.Release|Windows-AnyCPU.ActiveCfg = Release|Windows-AnyCPU
		{014D78D0-A2FC-4AB9-84B7-AA988F535E38}.Release|Windows-AnyCPU.Build.0 = Release|Windows-AnyCPU
		{014D78D0-A2FC-4AB9-84B7-AA988F535E38}.Release|Windows-AnyCPU.Deploy.0 = Release|Windows-AnyCPU
		{014D78D0-A2FC-4AB9-84B7-AA988F535E38}.Release|Windows-ARM.ActiveCfg = Release|Windows-ARM
		{014D78D0-A2FC-4AB9-84B7-AA988F535E38}.Release|Windows-ARM.Build.0 = Release|Windows-ARM
		{014D78D0-A2FC-4AB9-84B7-AA988F535E38}.Release|Windows-ARM.Deploy.0 = Release|Windows-ARM
		{014D78D0-A2FC-4AB9-84B7-AA988F535E38}.Release|Windows-x64.ActiveCfg = Release|Windows-x64
		{014D78D0-A2FC-4AB9-84B7-AA988F535E38}.Release|Windows-x64.Build.0 = Release|Windows-x64
		{014D78D0-A2FC-4AB9-84B7-AA988F535E38}.Release|Windows-x64.Deploy.0 = Release|Windows-x64
		{014D78D0-A2FC-4AB9-84B7-AA988F535E38}.Release|Windows-x86.ActiveCfg = Release|Windows-x86
		{014D78D0-A2FC-4AB9-84B7-AA988F535E38}.Release|Windows-x86.Build.0 = Release|Windows-x86
		{014D78D0-A2FC-4AB9-84B7-AA988F535E38}.Release|Windows-x86.Deploy.0 = Release|Windows-x86
		{B8DB651D-3FDA-4E24-9A58-F99820794507}.Debug|Android.ActiveCfg = Debug|Android
		{B8DB651D-3FDA-4E24-9A58-F99820794507}.Debug|Android.Build.0 = Debug|Android
		{B8DB651D-3FDA-4E24-9A58-F99820794507}.Debug|Android.Deploy.0 = Debug|Android
		{B8DB651D-3FDA-4E24-9A58-F99820794507}.Debug|iOS.ActiveCfg = Debug|iOS
		{B8DB651D-3FDA-4E24-9A58-F99820794507}.Debug|iOS.Build.0 = Debug|iOS
		{B8DB651D-3FDA-4E24-9A58-F99820794507}.Debug|iOS.Deploy.0 = Debug|iOS
		{B8DB651D-3FDA-4E24-9A58-F99820794507}.Debug|Windows Phone (Universal).ActiveCfg = Debug|Windows Phone (Universal)
		{B8DB651D-3FDA-4E24-9A58-F99820794507}.Debug|Windows Phone (Universal).Build.0 = Debug|Windows Phone (Universal)
		{B8DB651D-3FDA-4E24-9A58-F99820794507}.Debug|Windows Phone (Universal).Deploy.0 = Debug|Windows Phone (Universal)
		{B8DB651D-3FDA-4E24-9A58-F99820794507}.Debug|Windows Phone 8.ActiveCfg = Debug|Windows Phone 8
		{B8DB651D-3FDA-4E24-9A58-F99820794507}.Debug|Windows Phone 8.Build.0 = Debug|Windows Phone 8
		{B8DB651D-3FDA-4E24-9A58-F99820794507}.Debug|Windows Phone 8.Deploy.0 = Debug|Windows Phone 8
		{B8DB651D-3FDA-4E24-9A58-F99820794507}.Debug|Windows-AnyCPU.ActiveCfg = Debug|Windows-AnyCPU
		{B8DB651D-3FDA-4E24-9A58-F99820794507}.Debug|Windows-AnyCPU.Build.0 = Debug|Windows-AnyCPU
		{B8DB651D-3FDA-4E24-9A58-F99820794507}.Debug|Windows-AnyCPU.Deploy.0 = Debug|Windows-AnyCPU
		{B8DB651D-3FDA-4E24-9A58-F99820794507}.Debug|Windows-ARM.ActiveCfg = Debug|Windows-ARM
		{B8DB651D-3FDA-4E24-9A58-F99820794507}.Debug|Windows-ARM.Build.0 = Debug|Windows-ARM
		{B8DB651D-3FDA-4E24-9A58-F99820794507}.Debug|Windows-ARM.Deploy.0 = Debug|Windows-ARM
		{B8DB651D-3FDA-4E24-9A58-F99820794507}.Debug|Windows-x64.ActiveCfg = Debug|Windows-x64
		{B8DB651D-3FDA-4E24-9A58-F99820794507}.Debug|Windows-x64.Build.0 = Debug|Windows-x64
		{B8DB651D-3FDA-4E24-9A58-F99820794507}.Debug|Windows-x64.Deploy.0 = Debug|Windows-x64
		{B8DB651D-3FDA-4E24-9A58-F99820794507}.Debug|Windows-x86.ActiveCfg = Debug|Windows-x86
		{B8DB651D-3FDA-4E24-9A58-F99820794507}.Debug|Windows-x86.Build.0 = Debug|Windows-x86
		{B8DB651D-3FDA-4E24-9A58-F99820794507}.Debug|Windows-x86.Deploy.0 = Debug|Windows-x86
		{B8DB651D-3FDA-4E24-9A58-F99820794507}.Release|Android.ActiveCfg = Release|Android
		{B8DB651D-3FDA-4E24-9A58-F99820794507}.Release|Android.Build.0 = Release|Android
		{B8DB651D-3FDA-4E24-9A58-F99820794507}.Release|Android.Deploy.0 = Release|Android
		{B8DB651D-3FDA-4E24-9A58-F99820794507}.Release|iOS.ActiveCfg = Release|iOS
		{B8DB651D-3FDA-4E24-9A58-F99820794507}.Release|iOS.Build.0 = Release|iOS
		{B8DB651D-3FDA-4E24-9A58-F99820794507}.Release|iOS.Deploy.0 = Release|iOS
		{B8DB651D-3FDA-4E24-9A58-F99820794507}.Release|Windows Phone (Universal).ActiveCfg = Release|Windows Phone (Universal)
		{B8DB651D-3FDA-4E24-9A58-F99820794507}.Release|Windows Phone (Universal).Build.0 = Release|Windows Phone (Universal)
		{B8DB651D-3FDA-4E24-9A58-F99820794507}.Release|Windows Phone (Universal).Deploy.0 = Release|Windows Phone (Universal)
		{B8DB651D-3FDA-4E24-9A58-F99820794507}.Release|Windows Phone 8.ActiveCfg = Release|Windows Phone 8
		{B8DB651D-3FDA-4E24-9A58-F99820794507}.Release|Windows Phone 8.Build.0 = Release|Windows Phone 8
		{B8DB651D-3FDA-4E24-9A58-F99820794507}.Release|Windows Phone 8.Deploy.0 = Release|Windows Phone 8
		{B8DB651D-3FDA-4E24-9A58-F99820794507}.Release|Windows-AnyCPU.ActiveCfg = Release|Windows-AnyCPU
		{B8DB651D-3FDA-4E24-9A58-F99820794507}.Release|Windows-AnyCPU.Build.0 = Release|Windows-AnyCPU
		{B8DB651D-3FDA-4E24-9A58-F99820794507}.Release|Windows-AnyCPU.Deploy.0 = Release|Windows-AnyCPU
		{B8DB651D-3FDA-4E24-9A58-F99820794507}.Release|Windows-ARM.ActiveCfg = Release|Windows-ARM
		{B8DB651D-3FDA-4E24-9A58-F99820794507}.Release|Windows-ARM.Build.0 = Release|Windows-ARM
		{B8DB651D-3FDA-4E24-9A58-F99820794507}.Release|Windows-ARM.Deploy.0 = Release|Windows-ARM
		{B8DB651D-3FDA-4E24-9A58-F99820794507}.Release|Windows-x64.ActiveCfg = Release|Windows-x64
		{B8DB651D-3FDA-4E24-9A58-F99820794507}.Release|Windows-x64.Build.0 = Release|Windows-x64
		{B8DB651D-3FDA-4E24-9A58-F99820794507}.Release|Windows-x64.Deploy.0 = Release|Windows-x64
		{B8DB651D-3FDA-4E24-9A58-F99820794507}.Release|Windows-x86.ActiveCfg = Release|Windows-x86
		{B8DB651D-3FDA-4E24-9A58-F99820794507}.Release|Windows-x86.Build.0 = Release|Windows-x86
		{B8DB651D-3FDA-4E24-9A58-F99820794507}.Release|Windows-x86.Deploy.0 = Release|Windows-x86
		{5AB43817-AF04-487A-8F71-76752237089F}.Debug|Android.ActiveCfg = Debug|Android
		{5AB43817-AF04-487A-8F71-76752237089F}.Debug|Android.Build.0 = Debug|Android
		{5AB43817-AF04-487A-8F71-76752237089F}.Debug|Android.Deploy.0 = Debug|Android
		{5AB43817-AF04-487A-8F71-76752237089F}.Debug|iOS.ActiveCfg = Debug|iOS
		{5AB43817-AF04-487A-8F71-76752237089F}.Debug|iOS.Build.0 = Debug|iOS
		{5AB43817-AF04-487A-8F71-76752237089F}.Debug|iOS.Deploy.0 = Debug|iOS
		{5AB43817-AF04-487A-8F71-76752237089F}.Debug|Windows Phone (Universal).ActiveCfg = Debug|Windows Phone (Universal)
		{5AB43817-AF04-487A-8F71-76752237089F}.Debug|Windows Phone (Universal).Build.0 = Debug|Windows Phone (Universal)
		{5AB43817-AF04-487A-8F71-76752237089F}.Debug|Windows Phone (Universal).Deploy.0 = Debug|Windows Phone (Universal)
		{5AB43817-AF04-487A-8F71-76752237089F}.Debug|Windows Phone 8.ActiveCfg = Debug|Windows Phone 8
		{5AB43817-AF04-487A-8F71-76752237089F}.Debug|Windows Phone 8.Build.0 = Debug|Windows Phone 8
		{5AB43817-AF04-487A-8F71-76752237089F}.Debug|Windows Phone 8.Deploy.0 = Debug|Windows Phone 8
		{5AB43817-AF04-487A-8F71-76752237089F}.Debug|Windows-AnyCPU.ActiveCfg = Debug|Windows-AnyCPU
		{5AB43817-AF04-487A-8F71-76752237089F}.Debug|Windows-AnyCPU.Build.0 = Debug|Windows-AnyCPU
		{5AB43817-AF04-487A-8F71-76752237089F}.Debug|Windows-AnyCPU.Deploy.0 = Debug|Windows-AnyCPU
		{5AB43817-AF04-487A-8F71-76752237089F}.Debug|Windows-ARM.ActiveCfg = Debug|Windows-ARM
		{5AB43817-AF04-487A-8F71-76752237089F}.Debug|Windows-ARM.Build.0 = Debug|Windows-ARM
		{5AB43817-AF04-487A-8F71-76752237089F}.Debug|Windows-ARM.Deploy.0 = Debug|Windows-ARM
		{5AB43817-AF04-487A-8F71-76752237089F}.Debug|Windows-x64.ActiveCfg = Debug|Windows-x64
		{5AB43817-AF04-487A-8F71-76752237089F}.Debug|Windows-x64.Build.0 = Debug|Windows-x64
		{5AB43817-AF04-487A-8F71-76752237089F}.Debug|Windows-x64.Deploy.0 = Debug|Windows-x64
		{5AB43817-AF04-487A-8F71-76752237089F}.Debug|Windows-x86.ActiveCfg = Debug|Windows-x86
		{5AB43817-AF04-487A-8F71-76752237089F}.Debug|Windows-x86.Build.0 = Debug|Windows-x86
		{5AB43817-AF04-487A-8F71-76752237089F}.Debug|Windows-x86.Deploy.0 = Debug|Windows-x86
		{5AB43817-AF04-487A-8F71-76752237089F}.Release|Android.ActiveCfg = Release|Android
		{5AB43817-AF04-487A-8F71-76752237089F}.Release|Android.Build.0 = Release|Android
		{5AB43817-AF04-487A-8F71-76752237089F}.Release|Android.Deploy.0 = Release|Android
		{5AB43817-AF04-487A-8F71-76752237089F}.Release|iOS.ActiveCfg = Release|iOS
		{5AB43817-AF04-487A-8F71-76752237089F}.Release|iOS.Build.0 = Release|iOS
		{5AB43817-AF04-487A-8F71-76752237089F}.Release|iOS.Deploy.0 = Release|iOS
		{5AB43817-AF04-487A-8F71-76752237089F}.Release|Windows Phone (Universal).ActiveCfg = Release|Windows Phone (Universal)
		{5AB43817-AF04-487A-8F71-76752237089F}.Release|Windows Phone (Universal).Build.0 = Release|Windows Phone (Universal)
		{5AB43817-AF04-487A-8F71-76752237089F}.Release|Windows Phone (Universal).Deploy.0 = Release|Windows Phone (Universal)
		{5AB43817-AF04-487A-8F71-76752237089F}.Release|Windows Phone 8.ActiveCfg = Release|Windows Phone 8
		{5AB43817-AF04-487A-8F71-76752237089F}.Release|Windows Phone 8.Build.0 = Release|Windows Phone 8
		{5AB43817-AF04-487A-8F71-76752237089F}.Release|Windows Phone 8.Deploy.0 = Release|Windows Phone 8
		{5AB43817-AF04-487A-8F71-76752237089F}.Release|Windows-AnyCPU.ActiveCfg = Release|Windows-AnyCPU
		{5AB43817-AF04-487A-8F71-76752237089F}.Release|Windows-AnyCPU.Build.0 = Release|Windows-AnyCPU
		{5AB43817-AF04-487A-8F71-76752237089F}.Release|Windows-AnyCPU.Deploy.0 = Release|Windows-AnyCPU
		{5AB43817-AF04-487A-8F71-76752237089F}.Release|Windows-ARM.ActiveCfg = Release|Windows-ARM
		{5AB43817-AF04-487A-8F71-76752237089F}.Release|Windows-ARM.Build.0 = Release|Windows-ARM
		{5AB43817-AF04-487A-8F71-76752237089F}.Release|Windows-ARM.Deploy.0 = Release|Windows-ARM
		{5AB43817-AF04-487A-8F71-76752237089F}.Release|Windows-x64.ActiveCfg = Release|Windows-x64
		{5AB43817-AF04-487A-8F71-76752237089F}.Release|Windows-x64.Build.0 = Release|Windows-x64
		{5AB43817-AF04-487A-8F71-76752237089F}.Release|Windows-x64.Deploy.0 = Release|Windows-x64
		{5AB43817-AF04-487A-8F71-76752237089F}.Release|Windows-x86.ActiveCfg = Release|Windows-x86
		{5AB43817-AF04-487A-8F71-76752237089F}.Release|Windows-x86.Build.0 = Release|Windows-x86
		{5AB43817-AF04-487A-8F71-76752237089F}.Release|Windows-x86.Deploy.0 = Release|Windows-x86
		{B2BD6005-DA62-42A0-BCA2-F3AE02F4AAD9}.Debug|Android.ActiveCfg = Debug|Android
		{B2BD6005-DA62-42A0-BCA2-F3AE02F4AAD9}.Debug|Android.Build.0 = Debug|Android
		{B2BD6005-DA62-42A0-BCA2-F3AE02F4AAD9}.Debug|Android.Deploy.0 = Debug|Android
		{B2BD6005-DA62-42A0-BCA2-F3AE02F4AAD9}.Debug|iOS.ActiveCfg = Debug|iOS
		{B2BD6005-DA62-42A0-BCA2-F3AE02F4AAD9}.Debug|iOS.Build.0 = Debug|iOS
		{B2BD6005-DA62-42A0-BCA2-F3AE02F4AAD9}.Debug|iOS.Deploy.0 = Debug|iOS
		{B2BD6005-DA62-42A0-BCA2-F3AE02F4AAD9}.Debug|Windows Phone (Universal).ActiveCfg = Debug|Windows Phone (Universal)
		{B2BD6005-DA62-42A0-BCA2-F3AE02F4AAD9}.Debug|Windows Phone (Universal).Build.0 = Debug|Windows Phone (Universal)
		{B2BD6005-DA62-42A0-BCA2-F3AE02F4AAD9}.Debug|Windows Phone (Universal).Deploy.0 = Debug|Windows Phone (Universal)
		{B2BD6005-DA62-42A0-BCA2-F3AE02F4AAD9}.Debug|Windows Phone 8.ActiveCfg = Debug|Windows Phone 8
		{B2BD6005-DA62-42A0-BCA2-F3AE02F4AAD9}.Debug|Windows Phone 8.Build.0 = Debug|Windows Phone 8
		{B2BD6005-DA62-42A0-BCA2-F3AE02F4AAD9}.Debug|Windows Phone 8.Deploy.0 = Debug|Windows Phone 8
		{B2BD6005-DA62-42A0-BCA2-F3AE02F4AAD9}.Debug|Windows-AnyCPU.ActiveCfg = Debug|Windows-AnyCPU
		{B2BD6005-DA62-42A0-BCA2-F3AE02F4AAD9}.Debug|Windows-AnyCPU.Build.0 = Debug|Windows-AnyCPU
		{B2BD6005-DA62-42A0-BCA2-F3AE02F4AAD9}.Debug|Windows-AnyCPU.Deploy.0 = Debug|Windows-AnyCPU
		{B2BD6005-DA62-42A0-BCA2-F3AE02F4AAD9}.Debug|Windows-ARM.ActiveCfg = Debug|Windows-ARM
		{B2BD6005-DA62-42A0-BCA2-F3AE02F4AAD9}.Debug|Windows-ARM.Build.0 = Debug|Windows-ARM
		{B2BD6005-DA62-42A0-BCA2-F3AE02F4AAD9}.Debug|Windows-ARM.Deploy.0 = Debug|Windows-ARM
		{B2BD6005-DA62-42A0-BCA2-F3AE02F4AAD9}.Debug|Windows-x64.ActiveCfg = Debug|Windows-x64
		{B2BD6005-DA62-42A0-BCA2-F3AE02F4AAD9}.Debug|Windows-x64.Build.0 = Debug|Windows-x64
		{B2BD6005-DA62-42A0-BCA2-F3AE02F4AAD9}.Debug|Windows-x64.Deploy.0 = Debug|Windows-x64
		{B2BD6005-DA62-42A0-BCA2-F3AE02F4AAD9}.Debug|Windows-x86.ActiveCfg = Debug|Windows-x86
		{B2BD6005-DA62-42A0-BCA2-F3AE02F4AAD9}.Debug|Windows-x86.Build.0 = Debug|Windows-x86
		{B2BD6005-DA62-42A0-BCA2-F3AE02F4AAD9}.Debug|Windows-x86.Deploy.0 = Debug|Windows-x86
		{B2BD6005-DA62-42A0-BCA2-F3AE02F4AAD9}.Release|Android.ActiveCfg = Release|Android
		{B2BD6005-DA62-42A0-BCA2-F3AE02F4AAD9}.Release|Android.Build.0 = Release|Android
		{B2BD6005-DA62-42A0-BCA2-F3AE02F4AAD9}.Release|Android.Deploy.0 = Release|Android
		{B2BD6005-DA62-42A0-BCA2-F3AE02F4AAD9}.Release|iOS.ActiveCfg = Release|iOS
		{B2BD6005-DA62-42A0-BCA2-F3AE02F4AAD9}.Release|iOS.Build.0 = Release|iOS
		{B2BD6005-DA62-42A0-BCA2-F3AE02F4AAD9}.Release|iOS.Deploy.0 = Release|iOS
		{B2BD6005-DA62-42A0-BCA2-F3AE02F4AAD9}.Release|Windows Phone (Universal).ActiveCfg = Release|Windows Phone (Universal)
		{B2BD6005-DA62-42A0-BCA2-F3AE02F4AAD9}.Release|Windows Phone (Universal).Build.0 = Release|Windows Phone (Universal)
		{B2BD6005-DA62-42A0-BCA2-F3AE02F4AAD9}.Release|Windows Phone (Universal).Deploy.0 = Release|Windows Phone (Universal)
		{B2BD6005-DA62-42A0-BCA2-F3AE02F4AAD9}.Release|Windows Phone 8.ActiveCfg = Release|Windows Phone 8
		{B2BD6005-DA62-42A0-BCA2-F3AE02F4AAD9}.Release|Windows Phone 8.Build.0 = Release|Windows Phone 8
		{B2BD6005-DA62-42A0-BCA2-F3AE02F4AAD9}.Release|Windows Phone 8.Deploy.0 = Release|Windows Phone 8
		{B2BD6005-DA62-42A0-BCA2-F3AE02F4AAD9}.Release|Windows-AnyCPU.ActiveCfg = Release|Windows-AnyCPU
		{B2BD6005-DA62-42A0-BCA2-F3AE02F4AAD9}.Release|Windows-AnyCPU.Build.0 = Release|Windows-AnyCPU
		{B2BD6005-DA62-42A0-BCA2-F3AE02F4AAD9}.Release|Windows-AnyCPU.Deploy.0 = Release|Windows-AnyCPU
		{B2BD6005-DA62-42A0-BCA2-F3AE02F4AAD9}.Release|Windows-ARM.ActiveCfg = Release|Windows-ARM
		{B2BD6005-DA62-42A0-BCA2-F3AE02F4AAD9}.Release|Windows-ARM.Build.0 = Release|Windows-ARM
		{B2BD6005-DA62-42A0-BCA2-F3AE02F4AAD9}.Release|Windows-ARM.Deploy.0 = Release|Windows-ARM
		{B2BD6005-DA62-42A0-BCA2-F3AE02F4AAD9}.Release|Windows-x64.ActiveCfg = Release|Windows-x64
		{B2BD6005-DA62-42A0-BCA2-F3AE02F4AAD9}.Release|Windows-x64.Build.0 = Release|Windows-x64
		{B2BD6005-DA62-42A0-BCA2-F3AE02F4AAD9}.Release|Windows-x64.Deploy.0 = Release|Windows-x64
		{B2BD6005-DA62-42A0-BCA2-F3AE02F4AAD9}.Release|Windows-x86.ActiveCfg = Release|Windows-x86
		{B2BD6005-DA62-42A0-BCA2-F3AE02F4AAD9}.Release|Windows-x86.Build.0 = Release|Windows-x86
		{B2BD6005-DA62-42A0-BCA2-F3AE02F4AAD9}.Release|Windows-x86.Deploy.0 = Release|Windows-x86
	EndGlobalSection
	GlobalSection(SolutionProperties) = preSolution
		HideSolutionNode = FALSE
	EndGlobalSection
EndGlobal
